
Microsoft Visual Studio Solution File, Format Version 12.00
# Visual Studio Version 17
VisualStudioVersion = 17.8.34525.116
MinimumVisualStudioVersion = 10.0.40219.1
Project("{2150E333-8FDC-42A3-9474-1A3956D46DE8}") = "Shared", "Shared", "{7EB24221-9E77-4114-A9AC-9F7BB2ACC3C0}"
EndProject
Project("{2150E333-8FDC-42A3-9474-1A3956D46DE8}") = "Api", "Api", "{58D7288D-4D11-422C-ABFF-7582CB36F46B}"
EndProject
Project("{2150E333-8FDC-42A3-9474-1A3956D46DE8}") = "PayMS", "PayMS", "{19AA5FD4-2D5B-4994-A697-97A977CA392C}"
EndProject
Project("{2150E333-8FDC-42A3-9474-1A3956D46DE8}") = "Data", "Data", "{605D6592-51F7-4421-BEE6-02FA9A3296C2}"
EndProject
Project("{2150E333-8FDC-42A3-9474-1A3956D46DE8}") = "Services", "Services", "{D18A68DA-8570-41C9-A32D-62633256D8DF}"
EndProject
Project("{2150E333-8FDC-42A3-9474-1A3956D46DE8}") = "Data", "Data", "{E5FBA212-2ECD-4038-8ABE-E60BCD016AB8}"
EndProject
Project("{2150E333-8FDC-42A3-9474-1A3956D46DE8}") = "Services", "Services", "{70CB18CD-CBA9-4D02-B2FE-E92371F71087}"
EndProject
Project("{9A19103F-16F7-4668-BE54-9A1E7A4F7556}") = "EventPad.Common", "Shared\EventPad.Common\EventPad.Common.csproj", "{50B5C519-A903-4819-9149-7011A87126A7}"
EndProject
Project("{9A19103F-16F7-4668-BE54-9A1E7A4F7556}") = "EventPad.Logger", "Shared\EventPad.Logger\EventPad.Logger.csproj", "{9D8BC0F9-3B67-4DC7-BAEC-77F259BB1CD1}"
EndProject
Project("{9A19103F-16F7-4668-BE54-9A1E7A4F7556}") = "EventPad.Settings", "Shared\EventPad.Settings\EventPad.Settings.csproj", "{0865E4A6-2963-476A-87DB-D3FCB683906F}"
EndProject
Project("{2150E333-8FDC-42A3-9474-1A3956D46DE8}") = "Migrations", "Migrations", "{694673E8-7ED6-4C74-B555-0588BC04F776}"
EndProject
Project("{2150E333-8FDC-42A3-9474-1A3956D46DE8}") = "Systems", "Systems", "{008041C0-5171-4DD0-9EA5-D6FDADDE1315}"
EndProject
Project("{9A19103F-16F7-4668-BE54-9A1E7A4F7556}") = "EventPad.Api.Context.Entities", "Api\Data\EventPad.Api.Context.Entities\EventPad.Api.Context.Entities.csproj", "{AC6B68EB-AC2D-4015-A774-B3CF796608B1}"
EndProject
Project("{9A19103F-16F7-4668-BE54-9A1E7A4F7556}") = "EventPad.Api.Context", "Api\Data\EventPad.Api.Context\EventPad.Api.Context.csproj", "{D8A7657B-699C-45B7-AD9A-20AE9BBAB5E6}"
EndProject
Project("{9A19103F-16F7-4668-BE54-9A1E7A4F7556}") = "EventPad.Api.Context.Seeder", "Api\Data\EventPad.Api.Context.Seeder\EventPad.Api.Context.Seeder.csproj", "{6422C06E-CCF1-4CCD-A3DC-F7C8064D6B6D}"
EndProject
Project("{9A19103F-16F7-4668-BE54-9A1E7A4F7556}") = "EventPad.Api", "Api\System\EventPad.Api.csproj", "{71E142D2-60EF-4839-B414-A8168BAAD0FD}"
EndProject
Project("{9A19103F-16F7-4668-BE54-9A1E7A4F7556}") = "EventPad.Api.Context.Migrations.MSSQL", "Api\Data\EventPad.Api.Context.Migrations\EventPad.Api.Context.Migrations.MSSQL\EventPad.Api.Context.Migrations.MSSQL.csproj", "{8C0B3D7A-1B65-4C5D-B149-08F52E11A02E}"
EndProject
Project("{9A19103F-16F7-4668-BE54-9A1E7A4F7556}") = "EventPad.Api.Context.Migrations.PgSql", "Api\Data\EventPad.Api.Context.Migrations\EventPad.Api.Context.Migrations.PgSql\EventPad.Api.Context.Migrations.PgSql.csproj", "{FA4C3B9D-1567-43FD-8DF7-1A2C7E2F01FA}"
EndProject
Project("{9A19103F-16F7-4668-BE54-9A1E7A4F7556}") = "EventPad.Api.Services.Events", "Api\Services\EventPad.Services.Events\EventPad.Api.Services.Events.csproj", "{4D55AF14-0E87-4368-AC41-17E7F1037615}"
EndProject
Project("{9A19103F-16F7-4668-BE54-9A1E7A4F7556}") = "EventPad.Api.Services.SpecificEvent", "Api\Services\EventPad.Services.SpecificEvents\EventPad.Api.Services.SpecificEvent.csproj", "{706CF825-CCB6-4161-B659-C09C893D92B5}"
EndProject
Project("{2150E333-8FDC-42A3-9474-1A3956D46DE8}") = "Systems", "Systems", "{B32F8DBA-E08B-4B78-8C5E-BB6316CF0161}"
EndProject
Project("{2150E333-8FDC-42A3-9474-1A3956D46DE8}") = "Migrations", "Migrations", "{07A52AFE-108F-4826-8379-7586D30553E4}"
EndProject
Project("{9A19103F-16F7-4668-BE54-9A1E7A4F7556}") = "EventPad.Api.Services.Tickets", "Api\Services\EventPad.Services.Tickets\EventPad.Api.Services.Tickets.csproj", "{C8B3707C-152F-4003-94AD-A8A3F4CAE7B6}"
EndProject
Project("{9A19103F-16F7-4668-BE54-9A1E7A4F7556}") = "EventPad.Pay.Context.Migrations.PgSql", "Pay\Data\EventPad.Pay.Context.Migrations\EventPad.Pay.Context.Migrations.PgSql\EventPad.Pay.Context.Migrations.PgSql.csproj", "{FBCEB244-D93A-4426-8B11-141898ABEEF6}"
EndProject
Project("{9A19103F-16F7-4668-BE54-9A1E7A4F7556}") = "EventPad.Pay.Context", "Pay\Data\EventPad.Pay.Context\EventPad.Pay.Context.csproj", "{66EAA3FD-8F69-48C0-A03F-3C812F85BC1A}"
EndProject
Project("{9A19103F-16F7-4668-BE54-9A1E7A4F7556}") = "EventPad.Pay.Context.Entities", "Pay\Data\EventPad.Pay.Context.Entities\EventPad.Pay.Context.Entities.csproj", "{2ECB0565-42B8-49B1-AABF-DC0805257AAE}"
EndProject
Project("{9A19103F-16F7-4668-BE54-9A1E7A4F7556}") = "EventPad.Pay.Context.Seeder", "Pay\Data\EventPad.Pay.Context.Seeder\EventPad.Pay.Context.Seeder.csproj", "{5A77FE75-90E7-44F4-B4AD-C0E7A3DD1213}"
EndProject
Project("{9A19103F-16F7-4668-BE54-9A1E7A4F7556}") = "EventPad.Pay", "Pay\System\EventPad.Pay.csproj", "{0BC6C8CF-65B5-4BC4-8DA2-3353B58589FA}"
EndProject
Project("{9A19103F-16F7-4668-BE54-9A1E7A4F7556}") = "EventPad.Pay.Services.UserAccounts", "Pay\Services\EventPad.Pay.UserAccounts\EventPad.Pay.Services.UserAccounts.csproj", "{9AB62CCC-DEB6-486F-B80A-01EC2BDA9637}"
EndProject
Project("{9A19103F-16F7-4668-BE54-9A1E7A4F7556}") = "EventPad.Pay.Services.EventAccounts", "Pay\Services\EventPad.Pay.Services.EventAccounts\EventPad.Pay.Services.EventAccounts.csproj", "{794D6915-F988-4CAE-8FCF-2D1D081B95CF}"
EndProject
Project("{9A19103F-16F7-4668-BE54-9A1E7A4F7556}") = "EventPad.RabbitMq", "Shared\EventPad.RabbitMq\EventPad.RabbitMq.csproj", "{48D626E0-24C6-4CEE-A251-7C9B1D516FE9}"
EndProject
Project("{9A19103F-16F7-4668-BE54-9A1E7A4F7556}") = "EventPad.Actions", "Shared\EventPad.Actions\EventPad.Actions.csproj", "{5FE972E6-11B5-46EF-A4C2-812771A9EEDF}"
EndProject
Project("{9A19103F-16F7-4668-BE54-9A1E7A4F7556}") = "EventPad.Pay.Services.Transactions", "Pay\Services\EventPad.Pay.Services.Transactions\EventPad.Pay.Services.Transactions.csproj", "{FFE07AFE-7B40-4BEC-81DF-2F739F20241B}"
EndProject
Global
	GlobalSection(SolutionConfigurationPlatforms) = preSolution
		Debug|Any CPU = Debug|Any CPU
		Release|Any CPU = Release|Any CPU
	EndGlobalSection
	GlobalSection(ProjectConfigurationPlatforms) = postSolution
		{50B5C519-A903-4819-9149-7011A87126A7}.Debug|Any CPU.ActiveCfg = Debug|Any CPU
		{50B5C519-A903-4819-9149-7011A87126A7}.Debug|Any CPU.Build.0 = Debug|Any CPU
		{50B5C519-A903-4819-9149-7011A87126A7}.Release|Any CPU.ActiveCfg = Release|Any CPU
		{50B5C519-A903-4819-9149-7011A87126A7}.Release|Any CPU.Build.0 = Release|Any CPU
		{9D8BC0F9-3B67-4DC7-BAEC-77F259BB1CD1}.Debug|Any CPU.ActiveCfg = Debug|Any CPU
		{9D8BC0F9-3B67-4DC7-BAEC-77F259BB1CD1}.Debug|Any CPU.Build.0 = Debug|Any CPU
		{9D8BC0F9-3B67-4DC7-BAEC-77F259BB1CD1}.Release|Any CPU.ActiveCfg = Release|Any CPU
		{9D8BC0F9-3B67-4DC7-BAEC-77F259BB1CD1}.Release|Any CPU.Build.0 = Release|Any CPU
		{0865E4A6-2963-476A-87DB-D3FCB683906F}.Debug|Any CPU.ActiveCfg = Debug|Any CPU
		{0865E4A6-2963-476A-87DB-D3FCB683906F}.Debug|Any CPU.Build.0 = Debug|Any CPU
		{0865E4A6-2963-476A-87DB-D3FCB683906F}.Release|Any CPU.ActiveCfg = Release|Any CPU
		{0865E4A6-2963-476A-87DB-D3FCB683906F}.Release|Any CPU.Build.0 = Release|Any CPU
		{AC6B68EB-AC2D-4015-A774-B3CF796608B1}.Debug|Any CPU.ActiveCfg = Debug|Any CPU
		{AC6B68EB-AC2D-4015-A774-B3CF796608B1}.Debug|Any CPU.Build.0 = Debug|Any CPU
		{AC6B68EB-AC2D-4015-A774-B3CF796608B1}.Release|Any CPU.ActiveCfg = Release|Any CPU
		{AC6B68EB-AC2D-4015-A774-B3CF796608B1}.Release|Any CPU.Build.0 = Release|Any CPU
		{D8A7657B-699C-45B7-AD9A-20AE9BBAB5E6}.Debug|Any CPU.ActiveCfg = Debug|Any CPU
		{D8A7657B-699C-45B7-AD9A-20AE9BBAB5E6}.Debug|Any CPU.Build.0 = Debug|Any CPU
		{D8A7657B-699C-45B7-AD9A-20AE9BBAB5E6}.Release|Any CPU.ActiveCfg = Release|Any CPU
		{D8A7657B-699C-45B7-AD9A-20AE9BBAB5E6}.Release|Any CPU.Build.0 = Release|Any CPU
		{6422C06E-CCF1-4CCD-A3DC-F7C8064D6B6D}.Debug|Any CPU.ActiveCfg = Debug|Any CPU
		{6422C06E-CCF1-4CCD-A3DC-F7C8064D6B6D}.Debug|Any CPU.Build.0 = Debug|Any CPU
		{6422C06E-CCF1-4CCD-A3DC-F7C8064D6B6D}.Release|Any CPU.ActiveCfg = Release|Any CPU
		{6422C06E-CCF1-4CCD-A3DC-F7C8064D6B6D}.Release|Any CPU.Build.0 = Release|Any CPU
		{71E142D2-60EF-4839-B414-A8168BAAD0FD}.Debug|Any CPU.ActiveCfg = Debug|Any CPU
		{71E142D2-60EF-4839-B414-A8168BAAD0FD}.Debug|Any CPU.Build.0 = Debug|Any CPU
		{71E142D2-60EF-4839-B414-A8168BAAD0FD}.Release|Any CPU.ActiveCfg = Release|Any CPU
		{71E142D2-60EF-4839-B414-A8168BAAD0FD}.Release|Any CPU.Build.0 = Release|Any CPU
		{8C0B3D7A-1B65-4C5D-B149-08F52E11A02E}.Debug|Any CPU.ActiveCfg = Debug|Any CPU
		{8C0B3D7A-1B65-4C5D-B149-08F52E11A02E}.Debug|Any CPU.Build.0 = Debug|Any CPU
		{8C0B3D7A-1B65-4C5D-B149-08F52E11A02E}.Release|Any CPU.ActiveCfg = Release|Any CPU
		{8C0B3D7A-1B65-4C5D-B149-08F52E11A02E}.Release|Any CPU.Build.0 = Release|Any CPU
		{FA4C3B9D-1567-43FD-8DF7-1A2C7E2F01FA}.Debug|Any CPU.ActiveCfg = Debug|Any CPU
		{FA4C3B9D-1567-43FD-8DF7-1A2C7E2F01FA}.Debug|Any CPU.Build.0 = Debug|Any CPU
		{FA4C3B9D-1567-43FD-8DF7-1A2C7E2F01FA}.Release|Any CPU.ActiveCfg = Release|Any CPU
		{FA4C3B9D-1567-43FD-8DF7-1A2C7E2F01FA}.Release|Any CPU.Build.0 = Release|Any CPU
		{4D55AF14-0E87-4368-AC41-17E7F1037615}.Debug|Any CPU.ActiveCfg = Debug|Any CPU
		{4D55AF14-0E87-4368-AC41-17E7F1037615}.Debug|Any CPU.Build.0 = Debug|Any CPU
		{4D55AF14-0E87-4368-AC41-17E7F1037615}.Release|Any CPU.ActiveCfg = Release|Any CPU
		{4D55AF14-0E87-4368-AC41-17E7F1037615}.Release|Any CPU.Build.0 = Release|Any CPU
		{706CF825-CCB6-4161-B659-C09C893D92B5}.Debug|Any CPU.ActiveCfg = Debug|Any CPU
		{706CF825-CCB6-4161-B659-C09C893D92B5}.Debug|Any CPU.Build.0 = Debug|Any CPU
		{706CF825-CCB6-4161-B659-C09C893D92B5}.Release|Any CPU.ActiveCfg = Release|Any CPU
		{706CF825-CCB6-4161-B659-C09C893D92B5}.Release|Any CPU.Build.0 = Release|Any CPU
		{C8B3707C-152F-4003-94AD-A8A3F4CAE7B6}.Debug|Any CPU.ActiveCfg = Debug|Any CPU
		{C8B3707C-152F-4003-94AD-A8A3F4CAE7B6}.Debug|Any CPU.Build.0 = Debug|Any CPU
		{C8B3707C-152F-4003-94AD-A8A3F4CAE7B6}.Release|Any CPU.ActiveCfg = Release|Any CPU
		{C8B3707C-152F-4003-94AD-A8A3F4CAE7B6}.Release|Any CPU.Build.0 = Release|Any CPU
		{FBCEB244-D93A-4426-8B11-141898ABEEF6}.Debug|Any CPU.ActiveCfg = Debug|Any CPU
		{FBCEB244-D93A-4426-8B11-141898ABEEF6}.Debug|Any CPU.Build.0 = Debug|Any CPU
		{FBCEB244-D93A-4426-8B11-141898ABEEF6}.Release|Any CPU.ActiveCfg = Release|Any CPU
		{FBCEB244-D93A-4426-8B11-141898ABEEF6}.Release|Any CPU.Build.0 = Release|Any CPU
		{66EAA3FD-8F69-48C0-A03F-3C812F85BC1A}.Debug|Any CPU.ActiveCfg = Debug|Any CPU
		{66EAA3FD-8F69-48C0-A03F-3C812F85BC1A}.Debug|Any CPU.Build.0 = Debug|Any CPU
		{66EAA3FD-8F69-48C0-A03F-3C812F85BC1A}.Release|Any CPU.ActiveCfg = Release|Any CPU
		{66EAA3FD-8F69-48C0-A03F-3C812F85BC1A}.Release|Any CPU.Build.0 = Release|Any CPU
		{2ECB0565-42B8-49B1-AABF-DC0805257AAE}.Debug|Any CPU.ActiveCfg = Debug|Any CPU
		{2ECB0565-42B8-49B1-AABF-DC0805257AAE}.Debug|Any CPU.Build.0 = Debug|Any CPU
		{2ECB0565-42B8-49B1-AABF-DC0805257AAE}.Release|Any CPU.ActiveCfg = Release|Any CPU
		{2ECB0565-42B8-49B1-AABF-DC0805257AAE}.Release|Any CPU.Build.0 = Release|Any CPU
		{5A77FE75-90E7-44F4-B4AD-C0E7A3DD1213}.Debug|Any CPU.ActiveCfg = Debug|Any CPU
		{5A77FE75-90E7-44F4-B4AD-C0E7A3DD1213}.Debug|Any CPU.Build.0 = Debug|Any CPU
		{5A77FE75-90E7-44F4-B4AD-C0E7A3DD1213}.Release|Any CPU.ActiveCfg = Release|Any CPU
		{5A77FE75-90E7-44F4-B4AD-C0E7A3DD1213}.Release|Any CPU.Build.0 = Release|Any CPU
		{0BC6C8CF-65B5-4BC4-8DA2-3353B58589FA}.Debug|Any CPU.ActiveCfg = Debug|Any CPU
		{0BC6C8CF-65B5-4BC4-8DA2-3353B58589FA}.Debug|Any CPU.Build.0 = Debug|Any CPU
		{0BC6C8CF-65B5-4BC4-8DA2-3353B58589FA}.Release|Any CPU.ActiveCfg = Release|Any CPU
		{0BC6C8CF-65B5-4BC4-8DA2-3353B58589FA}.Release|Any CPU.Build.0 = Release|Any CPU
		{9AB62CCC-DEB6-486F-B80A-01EC2BDA9637}.Debug|Any CPU.ActiveCfg = Debug|Any CPU
		{9AB62CCC-DEB6-486F-B80A-01EC2BDA9637}.Debug|Any CPU.Build.0 = Debug|Any CPU
		{9AB62CCC-DEB6-486F-B80A-01EC2BDA9637}.Release|Any CPU.ActiveCfg = Release|Any CPU
		{9AB62CCC-DEB6-486F-B80A-01EC2BDA9637}.Release|Any CPU.Build.0 = Release|Any CPU
		{794D6915-F988-4CAE-8FCF-2D1D081B95CF}.Debug|Any CPU.ActiveCfg = Debug|Any CPU
		{794D6915-F988-4CAE-8FCF-2D1D081B95CF}.Debug|Any CPU.Build.0 = Debug|Any CPU
		{794D6915-F988-4CAE-8FCF-2D1D081B95CF}.Release|Any CPU.ActiveCfg = Release|Any CPU
		{794D6915-F988-4CAE-8FCF-2D1D081B95CF}.Release|Any CPU.Build.0 = Release|Any CPU
		{48D626E0-24C6-4CEE-A251-7C9B1D516FE9}.Debug|Any CPU.ActiveCfg = Debug|Any CPU
		{48D626E0-24C6-4CEE-A251-7C9B1D516FE9}.Debug|Any CPU.Build.0 = Debug|Any CPU
		{48D626E0-24C6-4CEE-A251-7C9B1D516FE9}.Release|Any CPU.ActiveCfg = Release|Any CPU
		{48D626E0-24C6-4CEE-A251-7C9B1D516FE9}.Release|Any CPU.Build.0 = Release|Any CPU
		{5FE972E6-11B5-46EF-A4C2-812771A9EEDF}.Debug|Any CPU.ActiveCfg = Debug|Any CPU
		{5FE972E6-11B5-46EF-A4C2-812771A9EEDF}.Debug|Any CPU.Build.0 = Debug|Any CPU
		{5FE972E6-11B5-46EF-A4C2-812771A9EEDF}.Release|Any CPU.ActiveCfg = Release|Any CPU
		{5FE972E6-11B5-46EF-A4C2-812771A9EEDF}.Release|Any CPU.Build.0 = Release|Any CPU
		{FFE07AFE-7B40-4BEC-81DF-2F739F20241B}.Debug|Any CPU.ActiveCfg = Debug|Any CPU
		{FFE07AFE-7B40-4BEC-81DF-2F739F20241B}.Debug|Any CPU.Build.0 = Debug|Any CPU
		{FFE07AFE-7B40-4BEC-81DF-2F739F20241B}.Release|Any CPU.ActiveCfg = Release|Any CPU
		{FFE07AFE-7B40-4BEC-81DF-2F739F20241B}.Release|Any CPU.Build.0 = Release|Any CPU
	EndGlobalSection
	GlobalSection(SolutionProperties) = preSolution
		HideSolutionNode = FALSE
	EndGlobalSection
	GlobalSection(NestedProjects) = preSolution
		{605D6592-51F7-4421-BEE6-02FA9A3296C2} = {58D7288D-4D11-422C-ABFF-7582CB36F46B}
		{D18A68DA-8570-41C9-A32D-62633256D8DF} = {58D7288D-4D11-422C-ABFF-7582CB36F46B}
		{E5FBA212-2ECD-4038-8ABE-E60BCD016AB8} = {19AA5FD4-2D5B-4994-A697-97A977CA392C}
		{70CB18CD-CBA9-4D02-B2FE-E92371F71087} = {19AA5FD4-2D5B-4994-A697-97A977CA392C}
		{50B5C519-A903-4819-9149-7011A87126A7} = {7EB24221-9E77-4114-A9AC-9F7BB2ACC3C0}
		{9D8BC0F9-3B67-4DC7-BAEC-77F259BB1CD1} = {7EB24221-9E77-4114-A9AC-9F7BB2ACC3C0}
		{0865E4A6-2963-476A-87DB-D3FCB683906F} = {7EB24221-9E77-4114-A9AC-9F7BB2ACC3C0}
		{694673E8-7ED6-4C74-B555-0588BC04F776} = {605D6592-51F7-4421-BEE6-02FA9A3296C2}
		{008041C0-5171-4DD0-9EA5-D6FDADDE1315} = {58D7288D-4D11-422C-ABFF-7582CB36F46B}
		{AC6B68EB-AC2D-4015-A774-B3CF796608B1} = {605D6592-51F7-4421-BEE6-02FA9A3296C2}
		{D8A7657B-699C-45B7-AD9A-20AE9BBAB5E6} = {605D6592-51F7-4421-BEE6-02FA9A3296C2}
		{6422C06E-CCF1-4CCD-A3DC-F7C8064D6B6D} = {605D6592-51F7-4421-BEE6-02FA9A3296C2}
		{71E142D2-60EF-4839-B414-A8168BAAD0FD} = {008041C0-5171-4DD0-9EA5-D6FDADDE1315}
		{8C0B3D7A-1B65-4C5D-B149-08F52E11A02E} = {694673E8-7ED6-4C74-B555-0588BC04F776}
		{FA4C3B9D-1567-43FD-8DF7-1A2C7E2F01FA} = {694673E8-7ED6-4C74-B555-0588BC04F776}
		{4D55AF14-0E87-4368-AC41-17E7F1037615} = {D18A68DA-8570-41C9-A32D-62633256D8DF}
		{706CF825-CCB6-4161-B659-C09C893D92B5} = {D18A68DA-8570-41C9-A32D-62633256D8DF}
		{B32F8DBA-E08B-4B78-8C5E-BB6316CF0161} = {19AA5FD4-2D5B-4994-A697-97A977CA392C}
		{07A52AFE-108F-4826-8379-7586D30553E4} = {E5FBA212-2ECD-4038-8ABE-E60BCD016AB8}
		{C8B3707C-152F-4003-94AD-A8A3F4CAE7B6} = {D18A68DA-8570-41C9-A32D-62633256D8DF}
		{FBCEB244-D93A-4426-8B11-141898ABEEF6} = {07A52AFE-108F-4826-8379-7586D30553E4}
		{66EAA3FD-8F69-48C0-A03F-3C812F85BC1A} = {E5FBA212-2ECD-4038-8ABE-E60BCD016AB8}
		{2ECB0565-42B8-49B1-AABF-DC0805257AAE} = {E5FBA212-2ECD-4038-8ABE-E60BCD016AB8}
		{5A77FE75-90E7-44F4-B4AD-C0E7A3DD1213} = {E5FBA212-2ECD-4038-8ABE-E60BCD016AB8}
		{0BC6C8CF-65B5-4BC4-8DA2-3353B58589FA} = {B32F8DBA-E08B-4B78-8C5E-BB6316CF0161}
		{9AB62CCC-DEB6-486F-B80A-01EC2BDA9637} = {70CB18CD-CBA9-4D02-B2FE-E92371F71087}
		{794D6915-F988-4CAE-8FCF-2D1D081B95CF} = {70CB18CD-CBA9-4D02-B2FE-E92371F71087}
		{48D626E0-24C6-4CEE-A251-7C9B1D516FE9} = {7EB24221-9E77-4114-A9AC-9F7BB2ACC3C0}
		{5FE972E6-11B5-46EF-A4C2-812771A9EEDF} = {7EB24221-9E77-4114-A9AC-9F7BB2ACC3C0}
		{FFE07AFE-7B40-4BEC-81DF-2F739F20241B} = {70CB18CD-CBA9-4D02-B2FE-E92371F71087}
	EndGlobalSection
	GlobalSection(ExtensibilityGlobals) = postSolution
		SolutionGuid = {AA88F5F6-BF6B-4735-B04A-FDF8C7ED7572}
	EndGlobalSection
EndGlobal
